
Microsoft Visual Studio Solution File, Format Version 12.00
# Visual Studio Version 16
VisualStudioVersion = 16.0.30114.105
MinimumVisualStudioVersion = 10.0.40219.1
Project("{FAE04EC0-301F-11D3-BF4B-00C04F79EFBC}") = "Express.Net.Build", "Express.Net.Build\Express.Net.Build.csproj", "{EA439F41-5873-48A2-B6F7-3227D960E04A}"
EndProject
Project("{FAE04EC0-301F-11D3-BF4B-00C04F79EFBC}") = "Express.Net", "Express.Net\Express.Net.csproj", "{5D3D2FB4-189A-4E63-867F-2EBA43E503CD}"
EndProject
Project("{FAE04EC0-301F-11D3-BF4B-00C04F79EFBC}") = "Express.Net.Reference.Assemblies", "Express.Net.Reference.Assemblies\Express.Net.Reference.Assemblies.csproj", "{5E974985-C1F6-4F4C-A95C-9A7516623BF0}"
EndProject
Project("{FAE04EC0-301F-11D3-BF4B-00C04F79EFBC}") = "Express.Net.Test", "Express.Net.Test\Express.Net.Test.csproj", "{2498A1A0-A963-4A75-B170-DDFBDB11F427}"
EndProject
Global
	GlobalSection(SolutionConfigurationPlatforms) = preSolution
		Debug|Any CPU = Debug|Any CPU
		Release|Any CPU = Release|Any CPU
	EndGlobalSection
	GlobalSection(SolutionProperties) = preSolution
		HideSolutionNode = FALSE
	EndGlobalSection
	GlobalSection(ProjectConfigurationPlatforms) = postSolution
		{EA439F41-5873-48A2-B6F7-3227D960E04A}.Debug|Any CPU.ActiveCfg = Debug|Any CPU
		{EA439F41-5873-48A2-B6F7-3227D960E04A}.Debug|Any CPU.Build.0 = Debug|Any CPU
		{EA439F41-5873-48A2-B6F7-3227D960E04A}.Release|Any CPU.ActiveCfg = Release|Any CPU
		{EA439F41-5873-48A2-B6F7-3227D960E04A}.Release|Any CPU.Build.0 = Release|Any CPU
		{5D3D2FB4-189A-4E63-867F-2EBA43E503CD}.Debug|Any CPU.ActiveCfg = Debug|Any CPU
		{5D3D2FB4-189A-4E63-867F-2EBA43E503CD}.Debug|Any CPU.Build.0 = Debug|Any CPU
		{5D3D2FB4-189A-4E63-867F-2EBA43E503CD}.Release|Any CPU.ActiveCfg = Release|Any CPU
		{5D3D2FB4-189A-4E63-867F-2EBA43E503CD}.Release|Any CPU.Build.0 = Release|Any CPU
		{5E974985-C1F6-4F4C-A95C-9A7516623BF0}.Debug|Any CPU.ActiveCfg = Debug|Any CPU
		{5E974985-C1F6-4F4C-A95C-9A7516623BF0}.Debug|Any CPU.Build.0 = Debug|Any CPU
		{5E974985-C1F6-4F4C-A95C-9A7516623BF0}.Release|Any CPU.ActiveCfg = Release|Any CPU
		{5E974985-C1F6-4F4C-A95C-9A7516623BF0}.Release|Any CPU.Build.0 = Release|Any CPU
		{2498A1A0-A963-4A75-B170-DDFBDB11F427}.Debug|Any CPU.ActiveCfg = Debug|Any CPU
		{2498A1A0-A963-4A75-B170-DDFBDB11F427}.Debug|Any CPU.Build.0 = Debug|Any CPU
		{2498A1A0-A963-4A75-B170-DDFBDB11F427}.Release|Any CPU.ActiveCfg = Release|Any CPU
		{2498A1A0-A963-4A75-B170-DDFBDB11F427}.Release|Any CPU.Build.0 = Release|Any CPU
	EndGlobalSection
EndGlobal
