
Microsoft Visual Studio Solution File, Format Version 12.00
# Visual Studio Version 16
VisualStudioVersion = 16.0.31229.75
MinimumVisualStudioVersion = 10.0.40219.1
Project("{9A19103F-16F7-4668-BE54-9A1E7A4F7556}") = "Express.Net", "Express.Net\Express.Net.csproj", "{CF6AD227-82E0-470E-A9F8-87F9E7DACF18}"
EndProject
Project("{9A19103F-16F7-4668-BE54-9A1E7A4F7556}") = "Express.Net.Reference.Assemblies", "Express.Reference.Assemblies\Express.Net.Reference.Assemblies.csproj", "{43C521D0-60CF-4683-AAC0-8BC12F558CFA}"
EndProject
Project("{9A19103F-16F7-4668-BE54-9A1E7A4F7556}") = "Express.Net.Test", "Express.Test\Express.Net.Test.csproj", "{F7BD824D-607B-4006-8888-E753523DDDDC}"
EndProject
Project("{9A19103F-16F7-4668-BE54-9A1E7A4F7556}") = "Express.Net.Build", "Express.Build\Express.Net.Build.csproj", "{65F48FF0-4152-4906-924A-AEB72F0D1E77}"
EndProject
Project("{9A19103F-16F7-4668-BE54-9A1E7A4F7556}") = "Express.Net.Base", "Express.Base\Express.Net.Base.csproj", "{57837E50-18D8-438F-8A85-78A71D2BF8AB}"
EndProject
Global
	GlobalSection(SolutionConfigurationPlatforms) = preSolution
		Debug|Any CPU = Debug|Any CPU
		Release|Any CPU = Release|Any CPU
	EndGlobalSection
	GlobalSection(ProjectConfigurationPlatforms) = postSolution
		{CF6AD227-82E0-470E-A9F8-87F9E7DACF18}.Debug|Any CPU.ActiveCfg = Debug|Any CPU
		{CF6AD227-82E0-470E-A9F8-87F9E7DACF18}.Debug|Any CPU.Build.0 = Debug|Any CPU
		{CF6AD227-82E0-470E-A9F8-87F9E7DACF18}.Release|Any CPU.ActiveCfg = Release|Any CPU
		{CF6AD227-82E0-470E-A9F8-87F9E7DACF18}.Release|Any CPU.Build.0 = Release|Any CPU
		{43C521D0-60CF-4683-AAC0-8BC12F558CFA}.Debug|Any CPU.ActiveCfg = Debug|Any CPU
		{43C521D0-60CF-4683-AAC0-8BC12F558CFA}.Debug|Any CPU.Build.0 = Debug|Any CPU
		{43C521D0-60CF-4683-AAC0-8BC12F558CFA}.Release|Any CPU.ActiveCfg = Release|Any CPU
		{43C521D0-60CF-4683-AAC0-8BC12F558CFA}.Release|Any CPU.Build.0 = Release|Any CPU
		{F7BD824D-607B-4006-8888-E753523DDDDC}.Debug|Any CPU.ActiveCfg = Debug|Any CPU
		{F7BD824D-607B-4006-8888-E753523DDDDC}.Debug|Any CPU.Build.0 = Debug|Any CPU
		{F7BD824D-607B-4006-8888-E753523DDDDC}.Release|Any CPU.ActiveCfg = Release|Any CPU
		{F7BD824D-607B-4006-8888-E753523DDDDC}.Release|Any CPU.Build.0 = Release|Any CPU
		{65F48FF0-4152-4906-924A-AEB72F0D1E77}.Debug|Any CPU.ActiveCfg = Debug|Any CPU
		{65F48FF0-4152-4906-924A-AEB72F0D1E77}.Debug|Any CPU.Build.0 = Debug|Any CPU
		{65F48FF0-4152-4906-924A-AEB72F0D1E77}.Release|Any CPU.ActiveCfg = Release|Any CPU
		{65F48FF0-4152-4906-924A-AEB72F0D1E77}.Release|Any CPU.Build.0 = Release|Any CPU
		{57837E50-18D8-438F-8A85-78A71D2BF8AB}.Debug|Any CPU.ActiveCfg = Debug|Any CPU
		{57837E50-18D8-438F-8A85-78A71D2BF8AB}.Debug|Any CPU.Build.0 = Debug|Any CPU
		{57837E50-18D8-438F-8A85-78A71D2BF8AB}.Release|Any CPU.ActiveCfg = Release|Any CPU
		{57837E50-18D8-438F-8A85-78A71D2BF8AB}.Release|Any CPU.Build.0 = Release|Any CPU
	EndGlobalSection
	GlobalSection(SolutionProperties) = preSolution
		HideSolutionNode = FALSE
	EndGlobalSection
	GlobalSection(ExtensibilityGlobals) = postSolution
		SolutionGuid = {7401C927-396F-4E63-9B64-B593B6C09E73}
	EndGlobalSection
EndGlobal
